// !$*UTF8*$!
{
	archiveVersion = 1;
	classes = {
	};
	objectVersion = 70;
	objects = {

/* Begin PBXBuildFile section */
		0FB77BEA365A80289B878F9D /* Assets.xcassets in Resources */ = {isa = PBXBuildFile; fileRef = 2AFACC62D4FCEDB93AF500B6 /* Assets.xcassets */; };
		2DA3CE7309FB1E9CEFBCDE5F /* HistoryView.swift in Sources */ = {isa = PBXBuildFile; fileRef = E4D2D86C8432C78C1F310B3E /* HistoryView.swift */; };
		2E255BF22F5B695C00CAF0D7 /* SessionCalendarView.swift in Sources */ = {isa = PBXBuildFile; fileRef = 2E255BF12F5B695C00CAF0D7 /* SessionCalendarView.swift */; };
		2E255C192F5E726A00CAF0D7 /* Supabase in Frameworks */ = {isa = PBXBuildFile; productRef = SUPAPROD1E2F3A4B5C6D7E8F9A0B1 /* Supabase */; };
		2E255D0F2F5FC0FF00CAF0D7 /* Sensitive.swift in Sources */ = {isa = PBXBuildFile; fileRef = 2E255D0E2F5FC0FB00CAF0D7 /* Sensitive.swift */; };
		2E255D4A2F61FAF900CAF0D7 /* cash_register_sfx.wav in Resources */ = {isa = PBXBuildFile; fileRef = 2E255D462F61FAF900CAF0D7 /* cash_register_sfx.wav */; };
		2E255D4B2F61FAF900CAF0D7 /* coins_clinking.wav in Resources */ = {isa = PBXBuildFile; fileRef = 2E255D482F61FAF900CAF0D7 /* coins_clinking.wav */; };
		2E255D4C2F61FAF900CAF0D7 /* victory_confetti.wav in Resources */ = {isa = PBXBuildFile; fileRef = 2E255D492F61FAF900CAF0D7 /* victory_confetti.wav */; };
		2E255D4D2F61FAF900CAF0D7 /* cat_star_collect.wav in Resources */ = {isa = PBXBuildFile; fileRef = 2E255D472F61FAF900CAF0D7 /* cat_star_collect.wav */; };
		2E255D4E2F61FAF900CAF0D7 /* boodoodaloop.wav in Resources */ = {isa = PBXBuildFile; fileRef = 2E255D452F61FAF900CAF0D7 /* boodoodaloop.wav */; };
		2E9D7B8A2F6211AD004015F4 /* ChipEstimatorPhotoStorage.swift in Sources */ = {isa = PBXBuildFile; fileRef = 2E9D7B892F6211AD004015F4 /* ChipEstimatorPhotoStorage.swift */; };
		2E9D7BA12F622100004015F4 /* CompPhotoStorage.swift in Sources */ = {isa = PBXBuildFile; fileRef = 2E9D7BA02F622100004015F4 /* CompPhotoStorage.swift */; };
		2E9D7B8C2F621216004015F4 /* PhotoHelpers.swift in Sources */ = {isa = PBXBuildFile; fileRef = 2E9D7B8B2F621216004015F4 /* PhotoHelpers.swift */; };
		2E9D7B902F646A05004015F4 /* TierTapPaywallView 2.swift in Sources */ = {isa = PBXBuildFile; fileRef = 2E9D7B8F2F646A05004015F4 /* TierTapPaywallView 2.swift */; };
		2E9D7B922F646A24004015F4 /* SubscriptionStore 2.swift in Sources */ = {isa = PBXBuildFile; fileRef = 2E9D7B912F646A24004015F4 /* SubscriptionStore 2.swift */; };
		2E9D7B962F646B91004015F4 /* TierTapStoreKitConfig.storekit in Resources */ = {isa = PBXBuildFile; fileRef = 2E9D7B952F646B91004015F4 /* TierTapStoreKitConfig.storekit */; };
		363A6D9DA62587287363A8D0 /* HomeView.swift in Sources */ = {isa = PBXBuildFile; fileRef = 7E68A7C0EAF309AC9F041237 /* HomeView.swift */; };
		4049A588F76583281B4B28A7 /* CasinoTimerWidgetBundle.swift in Sources */ = {isa = PBXBuildFile; fileRef = E59784185C66795D64D20143 /* CasinoTimerWidgetBundle.swift */; };
		4669C50222DDB776D1422FD4 /* SessionStore.swift in Sources */ = {isa = PBXBuildFile; fileRef = 9BD76C0A3AE68DFB2FD713FE /* SessionStore.swift */; };
		4DE904DFE36CBBB338FB08AB /* CheckInView.swift in Sources */ = {isa = PBXBuildFile; fileRef = 9EF2D68C4D068D03A5AD0E99 /* CheckInView.swift */; };
		5D3C168B9CE3435A704BCBEC /* SessionDetailView.swift in Sources */ = {isa = PBXBuildFile; fileRef = 282155DBCB51F96C8840E98B /* SessionDetailView.swift */; };
		667E48382A9F58F593FD6471 /* CasinoTimerWidget.appex in Embed Foundation Extensions */ = {isa = PBXBuildFile; fileRef = 6284434301FEFC6B712F8C85 /* CasinoTimerWidget.appex */; settings = {ATTRIBUTES = (RemoveHeadersOnCopy, ); }; };
		674CB1E13D01FF5CF36F976E /* TimerActivityAttributes.swift in Sources */ = {isa = PBXBuildFile; fileRef = B21770C30ED23561A6D19424 /* TimerActivityAttributes.swift */; };
		7EF7AB1EEB44C261BF43C4A0 /* TimerActivityAttributes.swift in Sources */ = {isa = PBXBuildFile; fileRef = B21770C30ED23561A6D19424 /* TimerActivityAttributes.swift */; };
		821E6DDA382E0CE1E1946481 /* SharedComponents.swift in Sources */ = {isa = PBXBuildFile; fileRef = B89A89EFB8A3238E20A9044B /* SharedComponents.swift */; };
		8B3D849204B1B8C397297758 /* LiveSessionView.swift in Sources */ = {isa = PBXBuildFile; fileRef = 12AACDC5094128715EAA64A9 /* LiveSessionView.swift */; };
		8BB8382F211EA6C5D116D2F1 /* TierTapApp.swift in Sources */ = {isa = PBXBuildFile; fileRef = 692681C1D425214EB9F4B3A2 /* TierTapApp.swift */; };
		8DF0D438CA150700D1E471C0 /* CloseoutView.swift in Sources */ = {isa = PBXBuildFile; fileRef = F4BD724325F4B81E2A7D4A2D /* CloseoutView.swift */; };
		ANV1E2F3A4B5C6D7E8F9A0B1 /* AnalyticsView.swift in Sources */ = {isa = PBXBuildFile; fileRef = ANV2E2F3A4B5C6D7E8F9A0B1 /* AnalyticsView.swift */; };
		APRT1E2F3A4B5C6D7E8F9A0B1 /* AirportCatalog.swift in Sources */ = {isa = PBXBuildFile; fileRef = APRT2E2F3A4B5C6D7E8F9A0B1 /* AirportCatalog.swift */; };
		ARCT1E2F3A4B5C6D7E8F9A0B1 /* AirlineCatalog.swift in Sources */ = {isa = PBXBuildFile; fileRef = ARCT2E2F3A4B5C6D7E8F9A0B1 /* AirlineCatalog.swift */; };
		ARPTJ2E2F3A4B5C6D7E8F9A0B1 /* Airports.json in Resources */ = {isa = PBXBuildFile; fileRef = ARPTJ1E2F3A4B5C6D7E8F9A0B1 /* Airports.json */; };
		AUTHST2E2F3A4B5C6D7E8F9A0B1 /* AuthStore.swift in Sources */ = {isa = PBXBuildFile; fileRef = AUTHST1E2F3A4B5C6D7E8F9A0B1 /* AuthStore.swift */; };
		BRDB1E2F3A4B5C6D7E8F9A0B1 /* BankrollDatabase.swift in Sources */ = {isa = PBXBuildFile; fileRef = BRDB2E2F3A4B5C6D7E8F9A0B1 /* BankrollDatabase.swift */; };
		BRV2E2F3A4B5C6D7E8F9A0B1 /* BankrollView.swift in Sources */ = {isa = PBXBuildFile; fileRef = BRV1E2F3A4B5C6D7E8F9A0B1 /* BankrollView.swift */; };
		C76C3D9C2E48B9A7792CCB65 /* Session.swift in Sources */ = {isa = PBXBuildFile; fileRef = 3F66565AB34E6CAAC5CF584C /* Session.swift */; };
		CB114299AE356748C9F4F699 /* LiveActivityManager.swift in Sources */ = {isa = PBXBuildFile; fileRef = 59530A4B162B6150C3F88C1F /* LiveActivityManager.swift */; };
		CBC5F05A95C22DE1BD7EE0A5 /* GamesList.swift in Sources */ = {isa = PBXBuildFile; fileRef = 528BE1A3C52FE346B3217D97 /* GamesList.swift */; };
		SLTSL01B2C3D4E5F6A7B8C9D0 /* SlotsList.swift in Sources */ = {isa = PBXBuildFile; fileRef = SLTSL02B2C3D4E5F6A7B8C9D0 /* SlotsList.swift */; };
		CLP1E2F3A4B5C6D7E8F9A0B1 /* CasinoLocationPickerView.swift in Sources */ = {isa = PBXBuildFile; fileRef = CLP2E2F3A4B5C6D7E8F9A0B1 /* CasinoLocationPickerView.swift */; };
		CMP2E2F3A4B5C6D7E8F9A0B1 /* CompleteSessionView.swift in Sources */ = {isa = PBXBuildFile; fileRef = CMP1E2F3A4B5C6D7E8F9A0B1 /* CompleteSessionView.swift */; };
		COMMUNITYPUB2E2F3A4B5C6D7E8F9A0B1 /* CommunityPublisher.swift in Sources */ = {isa = PBXBuildFile; fileRef = COMMUNITYPUB1E2F3A4B5C6D7E8F9A0B1 /* CommunityPublisher.swift */; };
		E6F64AD6052E4E36610FEAD6 /* CasinoTimerLiveActivity.swift in Sources */ = {isa = PBXBuildFile; fileRef = 225E7D763D8DAA7463C4C6D4 /* CasinoTimerLiveActivity.swift */; };
		E854A04D944B020CC4AED936 /* AddPastSessionView.swift in Sources */ = {isa = PBXBuildFile; fileRef = BA1A5F4DF459E659D6137F81 /* AddPastSessionView.swift */; };
		EDT1E2F3A4B5C6D7E8F9A0B1 /* EditSessionView.swift in Sources */ = {isa = PBXBuildFile; fileRef = EDT2E2F3A4B5C6D7E8F9A0B1 /* EditSessionView.swift */; };
		EF2B864E24E60E38490A66D1 /* Assets.xcassets in Resources */ = {isa = PBXBuildFile; fileRef = 4E7914876B5DF969011894CE /* Assets.xcassets */; };
		FMAP1E2F3A4B5C6D7E8F9A0B1 /* FlightRouteMapView.swift in Sources */ = {isa = PBXBuildFile; fileRef = FMAP2E2F3A4B5C6D7E8F9A0B1 /* FlightRouteMapView.swift */; };
		GASUP2E2F3A4B5C6D7E8F9A0B1 /* GASupportSheet.swift in Sources */ = {isa = PBXBuildFile; fileRef = GASUP1E2F3A4B5C6D7E8F9A0B1 /* GASupportSheet.swift */; };
		GEMTH2E2F3A4B5C6D7E8F9A0B1 /* GeminiRouterThrottle.swift in Sources */ = {isa = PBXBuildFile; fileRef = GEMTH1E2F3A4B5C6D7E8F9A0B1 /* GeminiRouterThrottle.swift */; };
		GEN2E2F3A4B5C6D7E8F9A0B1 /* SessionSharePhrasesGenerated.swift in Sources */ = {isa = PBXBuildFile; fileRef = GEN1E2F3A4B5C6D7E8F9A0B1 /* SessionSharePhrasesGenerated.swift */; };
		L10NB1E2F3A4B5C6D7E8F9A0B1 /* TierTapLocalization.swift in Sources */ = {isa = PBXBuildFile; fileRef = L10NSW1E2F3A4B5C6D7E8F9A0B1 /* TierTapLocalization.swift */; };
		L10NB2E2F3A4B5C6D7E8F9A0B1 /* Strings.json in Resources */ = {isa = PBXBuildFile; fileRef = L10NJS1E2F3A4B5C6D7E8F9A0B1 /* Strings.json */; };
		L10NB3E2F3A4B5C6D7E8F9A0B1 /* TierTapLocalization.swift in Sources */ = {isa = PBXBuildFile; fileRef = L10NSW1E2F3A4B5C6D7E8F9A0B1 /* TierTapLocalization.swift */; };
		L10NB4E2F3A4B5C6D7E8F9A0B1 /* Strings.json in Resources */ = {isa = PBXBuildFile; fileRef = L10NJS1E2F3A4B5C6D7E8F9A0B1 /* Strings.json */; };
		LOC1E2F3A4B5C6D7E8F9A0B1 /* LocationManager.swift in Sources */ = {isa = PBXBuildFile; fileRef = LOC2E2F3A4B5C6D7E8F9A0B1 /* LocationManager.swift */; };
		MPCK1E2F3A4B5C6D7E8F9A0B1 /* MapPlacePickerView.swift in Sources */ = {isa = PBXBuildFile; fileRef = MPCK2E2F3A4B5C6D7E8F9A0B1 /* MapPlacePickerView.swift */; };
		PPCV1E2F3A4B5C6D7E8F9A0B1 /* ProfilePhotoCaptureView.swift in Sources */ = {isa = PBXBuildFile; fileRef = PPCV2E2F3A4B5C6D7E8F9A0B1 /* ProfilePhotoCaptureView.swift */; };
		PROFCK2E2F3A4B5C6D7E8F9A0B1 /* ProfanityChecker.swift in Sources */ = {isa = PBXBuildFile; fileRef = PROFCK1E2F3A4B5C6D7E8F9A0B1 /* ProfanityChecker.swift */; };
		PROFWORDS2E2F3A4B5C6D7E8F9A0B1 /* ProfanityWords.txt in Resources */ = {isa = PBXBuildFile; fileRef = PROFWORDS1E2F3A4B5C6D7E8F9A0B1 /* ProfanityWords.txt */; };
		ROR001A1B2C3D4E5F6A7B8C9D0 /* RiskOfRuin.swift in Sources */ = {isa = PBXBuildFile; fileRef = ROR002A1B2C3D4E5F6A7B8C9D0 /* RiskOfRuin.swift */; };
		ROR003A1B2C3D4E5F6A7B8C9D0 /* SettingsStore.swift in Sources */ = {isa = PBXBuildFile; fileRef = ROR004A1B2C3D4E5F6A7B8C9D0 /* SettingsStore.swift */; };
		ROR005A1B2C3D4E5F6A7B8C9D0 /* SettingsView.swift in Sources */ = {isa = PBXBuildFile; fileRef = ROR006A1B2C3D4E5F6A7B8C9D0 /* SettingsView.swift */; };
		ROR007A1B2C3D4E5F6A7B8C9D0 /* RiskOfRuinView.swift in Sources */ = {isa = PBXBuildFile; fileRef = ROR008A1B2C3D4E5F6A7B8C9D0 /* RiskOfRuinView.swift */; };
		RTV1E2F3A4B5C6D7E8F9A0B1 /* RootTabView.swift in Sources */ = {isa = PBXBuildFile; fileRef = RTV2E2F3A4B5C6D7E8F9A0B1 /* RootTabView.swift */; };
		SHR2E2F3A4B5C6D7E8F9A0B1 /* SessionShareFormatter.swift in Sources */ = {isa = PBXBuildFile; fileRef = SHR1E2F3A4B5C6D7E8F9A0B1 /* SessionShareFormatter.swift */; };
		SMPV2E2F3A4B5C6D7E8F9A0B1 /* SessionMoodPickerView.swift in Sources */ = {isa = PBXBuildFile; fileRef = SMPV1E2F3A4B5C6D7E8F9A0B1 /* SessionMoodPickerView.swift */; };
		SQ3_1E2F3A4B5C6D7E8F9A0B1 /* libsqlite3.tbd in Frameworks */ = {isa = PBXBuildFile; fileRef = SQ3_2E2F3A4B5C6D7E8F9A0B1 /* libsqlite3.tbd */; };
		STRAT1E2F3A4B5C6D7E8F9A0B1 /* StrategyDatabase.swift in Sources */ = {isa = PBXBuildFile; fileRef = STRAT2E2F3A4B5C6D7E8F9A0B1 /* StrategyDatabase.swift */; };
		STRAT3E2F3A4B5C6D7E8F9A0B1 /* StrategyOddsSheet.swift in Sources */ = {isa = PBXBuildFile; fileRef = STRAT4E2F3A4B5C6D7E8F9A0B1 /* StrategyOddsSheet.swift */; };
		SUPAC2E2F3A4B5C6D7E8F9A0B1 /* SupabaseClient.swift in Sources */ = {isa = PBXBuildFile; fileRef = SUPAC1E2F3A4B5C6D7E8F9A0B1 /* SupabaseClient.swift */; };
		SUPKEYS2E2F3A4B5C6D7E8F9A0B1 /* SupabaseKeys.plist in Resources */ = {isa = PBXBuildFile; fileRef = SUPKEYS1E2F3A4B5C6D7E8F9A0B1 /* SupabaseKeys.plist */; };
		SYNC2E2F3A4B5C6D7E8F9A0B1 /* SessionSyncManager.swift in Sources */ = {isa = PBXBuildFile; fileRef = SYNC1E2F3A4B5C6D7E8F9A0B1 /* SessionSyncManager.swift */; };
		SYNC3E2F3A4B5C6D7E8F9A0B1 /* SessionSyncManager.swift in Sources */ = {isa = PBXBuildFile; fileRef = SYNC1E2F3A4B5C6D7E8F9A0B1 /* SessionSyncManager.swift */; };
		TDTA1E2F3A4B5C6D7E8F9A0B1 /* TripDetailView.swift in Sources */ = {isa = PBXBuildFile; fileRef = TDTA2E2F3A4B5C6D7E8F9A0B1 /* TripDetailView.swift */; };
		TEDR1E2F3A4B5C6D7E8F9A0B1 /* TripEditorView.swift in Sources */ = {isa = PBXBuildFile; fileRef = TEDR2E2F3A4B5C6D7E8F9A0B1 /* TripEditorView.swift */; };
		TLSK1E2F3A4B5C6D7E8F9A0B1 /* TripLinkSessionsSheet.swift in Sources */ = {isa = PBXBuildFile; fileRef = TLSK2E2F3A4B5C6D7E8F9A0B1 /* TripLinkSessionsSheet.swift */; };
		TLVL1E2F3A4B5C6D7E8F9A0B1 /* TapLevel.swift in Sources */ = {isa = PBXBuildFile; fileRef = TLVL2E2F3A4B5C6D7E8F9A0B1 /* TapLevel.swift */; };
		TMDL1E2F3A4B5C6D7E8F9A0B1 /* Trip.swift in Sources */ = {isa = PBXBuildFile; fileRef = TMDL2E2F3A4B5C6D7E8F9A0B1 /* Trip.swift */; };
		TRIPB1E2F3A4B5C6D7E8F9A0B1 /* TripsView.swift in Sources */ = {isa = PBXBuildFile; fileRef = TRIPF1E2F3A4B5C6D7E8F9A0B1 /* TripsView.swift */; };
		TSCD1E2F3A4B5C6D7E8F9A0B1 /* TripShareCardView.swift in Sources */ = {isa = PBXBuildFile; fileRef = TSCD2E2F3A4B5C6D7E8F9A0B1 /* TripShareCardView.swift */; };
		TSTO1E2F3A4B5C6D7E8F9A0B1 /* TripStore.swift in Sources */ = {isa = PBXBuildFile; fileRef = TSTO2E2F3A4B5C6D7E8F9A0B1 /* TripStore.swift */; };
		TWND2E2F3A4B5C6D7E8F9A0B1 /* TripMagicWandView.swift in Sources */ = {isa = PBXBuildFile; fileRef = TWND1E2F3A4B5C6D7E8F9A0B1 /* TripMagicWandView.swift */; };
		VADAPT2E2F3A4B5C6D7E8F9A0B1 /* View+AdaptiveSheet.swift in Sources */ = {isa = PBXBuildFile; fileRef = VADAPT1E2F3A4B5C6D7E8F9A0B1 /* View+AdaptiveSheet.swift */; };
		WCH2E2F3A4B5C6D7E8F9A0B1 /* TierTapWatchApp.swift in Sources */ = {isa = PBXBuildFile; fileRef = WCH1E2F3A4B5C6D7E8F9A0B1 /* TierTapWatchApp.swift */; };
		WCH4E2F3A4B5C6D7E8F9A0B1 /* WatchContentView.swift in Sources */ = {isa = PBXBuildFile; fileRef = WCH3E2F3A4B5C6D7E8F9A0B1 /* WatchContentView.swift */; };
		WCH6E2F3A4B5C6D7E8F9A0B1 /* WatchStartView.swift in Sources */ = {isa = PBXBuildFile; fileRef = WCH5E2F3A4B5C6D7E8F9A0B1 /* WatchStartView.swift */; };
		WCH8E2F3A4B5C6D7E8F9A0B1 /* WatchLiveView.swift in Sources */ = {isa = PBXBuildFile; fileRef = WCH7E2F3A4B5C6D7E8F9A0B1 /* WatchLiveView.swift */; };
		WCHA1B2C3D4E5F6A7B8C9D0 /* Session.swift in Sources */ = {isa = PBXBuildFile; fileRef = 3F66565AB34E6CAAC5CF584C /* Session.swift */; };
		WCHASSETBUILD1B2C3D4E5F6A7B8C9 /* Assets.xcassets in Resources */ = {isa = PBXBuildFile; fileRef = WCHASSETFILE1B2C3D4E5F6A7B8C9 /* Assets.xcassets */; };
		WCHB1B2C3D4E5F6A7B8C9D0 /* GamesList.swift in Sources */ = {isa = PBXBuildFile; fileRef = 528BE1A3C52FE346B3217D97 /* GamesList.swift */; };
		WCHC1B2C3D4E5F6A7B8C9D0 /* SessionStore.swift in Sources */ = {isa = PBXBuildFile; fileRef = 9BD76C0A3AE68DFB2FD713FE /* SessionStore.swift */; };
		WCHD1B2C3D4E5F6A7B8C9D0 /* TierTap Watch App.app in Embed Watch Content */ = {isa = PBXBuildFile; fileRef = WCHE1B2C3D4E5F6A7B8C9D0 /* TierTap Watch App.app */; settings = {ATTRIBUTES = (RemoveHeadersOnCopy, ); }; };
/* End PBXBuildFile section */

/* Begin PBXContainerItemProxy section */
		13641607A338B0A3E51D1FC7 /* PBXContainerItemProxy */ = {
			isa = PBXContainerItemProxy;
			containerPortal = 07F404DF93F9889DBB33E522 /* Project object */;
			proxyType = 1;
			remoteGlobalIDString = 03F1CD5F275B834E8C24AFB1;
			remoteInfo = CasinoTimerWidget;
		};
		WCHI1B2C3D4E5F6A7B8C9D0 /* PBXContainerItemProxy */ = {
			isa = PBXContainerItemProxy;
			containerPortal = 07F404DF93F9889DBB33E522 /* Project object */;
			proxyType = 1;
			remoteGlobalIDString = WCHJ1B2C3D4E5F6A7B8C9D0;
			remoteInfo = "TierTap Watch App";
		};
/* End PBXContainerItemProxy section */

/* Begin PBXCopyFilesBuildPhase section */
		5D476A1E66DB4661A15CD0C4 /* Embed Foundation Extensions */ = {
			isa = PBXCopyFilesBuildPhase;
			buildActionMask = 2147483647;
			dstPath = "";
			dstSubfolderSpec = 13;
			files = (
				667E48382A9F58F593FD6471 /* CasinoTimerWidget.appex in Embed Foundation Extensions */,
			);
			name = "Embed Foundation Extensions";
			runOnlyForDeploymentPostprocessing = 0;
		};
		WCHH1B2C3D4E5F6A7B8C9D0 /* Embed Watch Content */ = {
			isa = PBXCopyFilesBuildPhase;
			buildActionMask = 2147483647;
			dstPath = "";
			dstSubfolderSpec = 16;
			files = (
				WCHD1B2C3D4E5F6A7B8C9D0 /* TierTap Watch App.app in Embed Watch Content */,
			);
			name = "Embed Watch Content";
			runOnlyForDeploymentPostprocessing = 0;
		};
/* End PBXCopyFilesBuildPhase section */

/* Begin PBXFileReference section */
		12AACDC5094128715EAA64A9 /* LiveSessionView.swift */ = {isa = PBXFileReference; lastKnownFileType = sourcecode.swift; path = LiveSessionView.swift; sourceTree = "<group>"; };
		225E7D763D8DAA7463C4C6D4 /* CasinoTimerLiveActivity.swift */ = {isa = PBXFileReference; lastKnownFileType = sourcecode.swift; path = CasinoTimerLiveActivity.swift; sourceTree = "<group>"; };
		282155DBCB51F96C8840E98B /* SessionDetailView.swift */ = {isa = PBXFileReference; lastKnownFileType = sourcecode.swift; path = SessionDetailView.swift; sourceTree = "<group>"; };
		2AFACC62D4FCEDB93AF500B6 /* Assets.xcassets */ = {isa = PBXFileReference; lastKnownFileType = folder.assetcatalog; path = Assets.xcassets; sourceTree = "<group>"; };
		2E255BEF2F5B436F00CAF0D7 /* TierTap.entitlements */ = {isa = PBXFileReference; lastKnownFileType = text.plist.entitlements; path = TierTap.entitlements; sourceTree = "<group>"; };
		2E255BF02F5B438600CAF0D7 /* TierTap Watch App.entitlements */ = {isa = PBXFileReference; lastKnownFileType = text.plist.entitlements; path = "TierTap Watch App.entitlements"; sourceTree = "<group>"; };
		2E255BF12F5B695C00CAF0D7 /* SessionCalendarView.swift */ = {isa = PBXFileReference; lastKnownFileType = sourcecode.swift; path = SessionCalendarView.swift; sourceTree = "<group>"; };
		2E255D0E2F5FC0FB00CAF0D7 /* Sensitive.swift */ = {isa = PBXFileReference; lastKnownFileType = sourcecode.swift; path = Sensitive.swift; sourceTree = "<group>"; };
		2E255D452F61FAF900CAF0D7 /* boodoodaloop.wav */ = {isa = PBXFileReference; lastKnownFileType = audio.wav; path = boodoodaloop.wav; sourceTree = "<group>"; };
		2E255D462F61FAF900CAF0D7 /* cash_register_sfx.wav */ = {isa = PBXFileReference; lastKnownFileType = audio.wav; path = cash_register_sfx.wav; sourceTree = "<group>"; };
		2E255D472F61FAF900CAF0D7 /* cat_star_collect.wav */ = {isa = PBXFileReference; lastKnownFileType = audio.wav; path = cat_star_collect.wav; sourceTree = "<group>"; };
		2E255D482F61FAF900CAF0D7 /* coins_clinking.wav */ = {isa = PBXFileReference; lastKnownFileType = audio.wav; path = coins_clinking.wav; sourceTree = "<group>"; };
		2E255D492F61FAF900CAF0D7 /* victory_confetti.wav */ = {isa = PBXFileReference; lastKnownFileType = audio.wav; path = victory_confetti.wav; sourceTree = "<group>"; };
		2E9D7B892F6211AD004015F4 /* ChipEstimatorPhotoStorage.swift */ = {isa = PBXFileReference; lastKnownFileType = sourcecode.swift; path = ChipEstimatorPhotoStorage.swift; sourceTree = "<group>"; };
		2E9D7BA02F622100004015F4 /* CompPhotoStorage.swift */ = {isa = PBXFileReference; lastKnownFileType = sourcecode.swift; path = CompPhotoStorage.swift; sourceTree = "<group>"; };
		2E9D7B8B2F621216004015F4 /* PhotoHelpers.swift */ = {isa = PBXFileReference; lastKnownFileType = sourcecode.swift; path = PhotoHelpers.swift; sourceTree = "<group>"; };
		2E9D7B8F2F646A05004015F4 /* TierTapPaywallView 2.swift */ = {isa = PBXFileReference; lastKnownFileType = sourcecode.swift; path = "TierTapPaywallView 2.swift"; sourceTree = "<group>"; };
		2E9D7B912F646A24004015F4 /* SubscriptionStore 2.swift */ = {isa = PBXFileReference; lastKnownFileType = sourcecode.swift; path = "SubscriptionStore 2.swift"; sourceTree = "<group>"; };
		2E9D7B952F646B91004015F4 /* TierTapStoreKitConfig.storekit */ = {isa = PBXFileReference; lastKnownFileType = text; path = TierTapStoreKitConfig.storekit; sourceTree = "<group>"; };
		3033F08B21E05E979C40C043 /* Info.plist */ = {isa = PBXFileReference; lastKnownFileType = text.plist.xml; path = Info.plist; sourceTree = "<group>"; };
		3F66565AB34E6CAAC5CF584C /* Session.swift */ = {isa = PBXFileReference; lastKnownFileType = sourcecode.swift; path = Session.swift; sourceTree = "<group>"; };
		4E7914876B5DF969011894CE /* Assets.xcassets */ = {isa = PBXFileReference; lastKnownFileType = folder.assetcatalog; path = Assets.xcassets; sourceTree = "<group>"; };
		50E24F578992717D666E68F1 /* TierTap.app */ = {isa = PBXFileReference; explicitFileType = wrapper.application; includeInIndex = 0; path = TierTap.app; sourceTree = BUILT_PRODUCTS_DIR; };
		528BE1A3C52FE346B3217D97 /* GamesList.swift */ = {isa = PBXFileReference; lastKnownFileType = sourcecode.swift; path = GamesList.swift; sourceTree = "<group>"; };
		SLTSL02B2C3D4E5F6A7B8C9D0 /* SlotsList.swift */ = {isa = PBXFileReference; lastKnownFileType = sourcecode.swift; path = SlotsList.swift; sourceTree = "<group>"; };
		59530A4B162B6150C3F88C1F /* LiveActivityManager.swift */ = {isa = PBXFileReference; lastKnownFileType = sourcecode.swift; path = LiveActivityManager.swift; sourceTree = "<group>"; };
		6284434301FEFC6B712F8C85 /* CasinoTimerWidget.appex */ = {isa = PBXFileReference; explicitFileType = "wrapper.app-extension"; includeInIndex = 0; path = CasinoTimerWidget.appex; sourceTree = BUILT_PRODUCTS_DIR; };
		692681C1D425214EB9F4B3A2 /* TierTapApp.swift */ = {isa = PBXFileReference; lastKnownFileType = sourcecode.swift; path = TierTapApp.swift; sourceTree = "<group>"; };
		7E68A7C0EAF309AC9F041237 /* HomeView.swift */ = {isa = PBXFileReference; lastKnownFileType = sourcecode.swift; path = HomeView.swift; sourceTree = "<group>"; };
		9BD76C0A3AE68DFB2FD713FE /* SessionStore.swift */ = {isa = PBXFileReference; lastKnownFileType = sourcecode.swift; path = SessionStore.swift; sourceTree = "<group>"; };
		9EF2D68C4D068D03A5AD0E99 /* CheckInView.swift */ = {isa = PBXFileReference; lastKnownFileType = sourcecode.swift; path = CheckInView.swift; sourceTree = "<group>"; };
		ANV2E2F3A4B5C6D7E8F9A0B1 /* AnalyticsView.swift */ = {isa = PBXFileReference; lastKnownFileType = sourcecode.swift; path = AnalyticsView.swift; sourceTree = "<group>"; };
		APRT2E2F3A4B5C6D7E8F9A0B1 /* AirportCatalog.swift */ = {isa = PBXFileReference; lastKnownFileType = sourcecode.swift; path = AirportCatalog.swift; sourceTree = "<group>"; };
		ARCT2E2F3A4B5C6D7E8F9A0B1 /* AirlineCatalog.swift */ = {isa = PBXFileReference; lastKnownFileType = sourcecode.swift; path = AirlineCatalog.swift; sourceTree = "<group>"; };
		ARPTJ1E2F3A4B5C6D7E8F9A0B1 /* Airports.json */ = {isa = PBXFileReference; lastKnownFileType = text.json; path = Airports.json; sourceTree = "<group>"; };
		AUTHST1E2F3A4B5C6D7E8F9A0B1 /* AuthStore.swift */ = {isa = PBXFileReference; lastKnownFileType = sourcecode.swift; path = AuthStore.swift; sourceTree = "<group>"; };
		B21770C30ED23561A6D19424 /* TimerActivityAttributes.swift */ = {isa = PBXFileReference; lastKnownFileType = sourcecode.swift; path = TimerActivityAttributes.swift; sourceTree = "<group>"; };
		B89A89EFB8A3238E20A9044B /* SharedComponents.swift */ = {isa = PBXFileReference; lastKnownFileType = sourcecode.swift; path = SharedComponents.swift; sourceTree = "<group>"; };
		BA1A5F4DF459E659D6137F81 /* AddPastSessionView.swift */ = {isa = PBXFileReference; lastKnownFileType = sourcecode.swift; path = AddPastSessionView.swift; sourceTree = "<group>"; };
		BE9B9607B2D22C77E1D06D68 /* Info.plist */ = {isa = PBXFileReference; lastKnownFileType = text.plist.xml; path = Info.plist; sourceTree = "<group>"; };
		BRDB2E2F3A4B5C6D7E8F9A0B1 /* BankrollDatabase.swift */ = {isa = PBXFileReference; lastKnownFileType = sourcecode.swift; path = BankrollDatabase.swift; sourceTree = "<group>"; };
		BRV1E2F3A4B5C6D7E8F9A0B1 /* BankrollView.swift */ = {isa = PBXFileReference; lastKnownFileType = sourcecode.swift; path = BankrollView.swift; sourceTree = "<group>"; };
		CLP2E2F3A4B5C6D7E8F9A0B1 /* CasinoLocationPickerView.swift */ = {isa = PBXFileReference; lastKnownFileType = sourcecode.swift; path = CasinoLocationPickerView.swift; sourceTree = "<group>"; };
		CMP1E2F3A4B5C6D7E8F9A0B1 /* CompleteSessionView.swift */ = {isa = PBXFileReference; lastKnownFileType = sourcecode.swift; path = CompleteSessionView.swift; sourceTree = "<group>"; };
		COMMUNITYPUB1E2F3A4B5C6D7E8F9A0B1 /* CommunityPublisher.swift */ = {isa = PBXFileReference; lastKnownFileType = sourcecode.swift; path = CommunityPublisher.swift; sourceTree = "<group>"; };
		E4D2D86C8432C78C1F310B3E /* HistoryView.swift */ = {isa = PBXFileReference; lastKnownFileType = sourcecode.swift; path = HistoryView.swift; sourceTree = "<group>"; };
		E59784185C66795D64D20143 /* CasinoTimerWidgetBundle.swift */ = {isa = PBXFileReference; lastKnownFileType = sourcecode.swift; path = CasinoTimerWidgetBundle.swift; sourceTree = "<group>"; };
		EDT2E2F3A4B5C6D7E8F9A0B1 /* EditSessionView.swift */ = {isa = PBXFileReference; lastKnownFileType = sourcecode.swift; path = EditSessionView.swift; sourceTree = "<group>"; };
		F4BD724325F4B81E2A7D4A2D /* CloseoutView.swift */ = {isa = PBXFileReference; lastKnownFileType = sourcecode.swift; path = CloseoutView.swift; sourceTree = "<group>"; };
		FMAP2E2F3A4B5C6D7E8F9A0B1 /* FlightRouteMapView.swift */ = {isa = PBXFileReference; lastKnownFileType = sourcecode.swift; path = FlightRouteMapView.swift; sourceTree = "<group>"; };
		GASUP1E2F3A4B5C6D7E8F9A0B1 /* GASupportSheet.swift */ = {isa = PBXFileReference; lastKnownFileType = sourcecode.swift; path = GASupportSheet.swift; sourceTree = "<group>"; };
		GEMTH1E2F3A4B5C6D7E8F9A0B1 /* GeminiRouterThrottle.swift */ = {isa = PBXFileReference; lastKnownFileType = sourcecode.swift; path = GeminiRouterThrottle.swift; sourceTree = "<group>"; };
		GEN1E2F3A4B5C6D7E8F9A0B1 /* SessionSharePhrasesGenerated.swift */ = {isa = PBXFileReference; lastKnownFileType = sourcecode.swift; path = SessionSharePhrasesGenerated.swift; sourceTree = "<group>"; };
		L10NJS1E2F3A4B5C6D7E8F9A0B1 /* Strings.json */ = {isa = PBXFileReference; lastKnownFileType = text.json; path = Strings.json; sourceTree = "<group>"; };
		L10NSW1E2F3A4B5C6D7E8F9A0B1 /* TierTapLocalization.swift */ = {isa = PBXFileReference; lastKnownFileType = sourcecode.swift; path = TierTapLocalization.swift; sourceTree = "<group>"; };
		LOC2E2F3A4B5C6D7E8F9A0B1 /* LocationManager.swift */ = {isa = PBXFileReference; lastKnownFileType = sourcecode.swift; path = LocationManager.swift; sourceTree = "<group>"; };
		MPCK2E2F3A4B5C6D7E8F9A0B1 /* MapPlacePickerView.swift */ = {isa = PBXFileReference; lastKnownFileType = sourcecode.swift; path = MapPlacePickerView.swift; sourceTree = "<group>"; };
		PPCV2E2F3A4B5C6D7E8F9A0B1 /* ProfilePhotoCaptureView.swift */ = {isa = PBXFileReference; lastKnownFileType = sourcecode.swift; path = ProfilePhotoCaptureView.swift; sourceTree = "<group>"; };
		PROFCK1E2F3A4B5C6D7E8F9A0B1 /* ProfanityChecker.swift */ = {isa = PBXFileReference; lastKnownFileType = sourcecode.swift; path = ProfanityChecker.swift; sourceTree = "<group>"; };
		PROFWORDS1E2F3A4B5C6D7E8F9A0B1 /* ProfanityWords.txt */ = {isa = PBXFileReference; lastKnownFileType = text; path = ProfanityWords.txt; sourceTree = "<group>"; };
		ROR002A1B2C3D4E5F6A7B8C9D0 /* RiskOfRuin.swift */ = {isa = PBXFileReference; lastKnownFileType = sourcecode.swift; path = RiskOfRuin.swift; sourceTree = "<group>"; };
		ROR004A1B2C3D4E5F6A7B8C9D0 /* SettingsStore.swift */ = {isa = PBXFileReference; lastKnownFileType = sourcecode.swift; path = SettingsStore.swift; sourceTree = "<group>"; };
		ROR006A1B2C3D4E5F6A7B8C9D0 /* SettingsView.swift */ = {isa = PBXFileReference; lastKnownFileType = sourcecode.swift; path = SettingsView.swift; sourceTree = "<group>"; };
		ROR008A1B2C3D4E5F6A7B8C9D0 /* RiskOfRuinView.swift */ = {isa = PBXFileReference; lastKnownFileType = sourcecode.swift; path = RiskOfRuinView.swift; sourceTree = "<group>"; };
		RTV2E2F3A4B5C6D7E8F9A0B1 /* RootTabView.swift */ = {isa = PBXFileReference; lastKnownFileType = sourcecode.swift; path = RootTabView.swift; sourceTree = "<group>"; };
		SHR1E2F3A4B5C6D7E8F9A0B1 /* SessionShareFormatter.swift */ = {isa = PBXFileReference; lastKnownFileType = sourcecode.swift; path = SessionShareFormatter.swift; sourceTree = "<group>"; };
		SMPV1E2F3A4B5C6D7E8F9A0B1 /* SessionMoodPickerView.swift */ = {isa = PBXFileReference; lastKnownFileType = sourcecode.swift; path = SessionMoodPickerView.swift; sourceTree = "<group>"; };
		SQ3_2E2F3A4B5C6D7E8F9A0B1 /* libsqlite3.tbd */ = {isa = PBXFileReference; lastKnownFileType = "sourcecode.text-based-dylib-definition"; name = libsqlite3.tbd; path = usr/lib/libsqlite3.tbd; sourceTree = SDKROOT; };
		STRAT2E2F3A4B5C6D7E8F9A0B1 /* StrategyDatabase.swift */ = {isa = PBXFileReference; lastKnownFileType = sourcecode.swift; path = StrategyDatabase.swift; sourceTree = "<group>"; };
		STRAT4E2F3A4B5C6D7E8F9A0B1 /* StrategyOddsSheet.swift */ = {isa = PBXFileReference; lastKnownFileType = sourcecode.swift; path = StrategyOddsSheet.swift; sourceTree = "<group>"; };
		SUPAC1E2F3A4B5C6D7E8F9A0B1 /* SupabaseClient.swift */ = {isa = PBXFileReference; lastKnownFileType = sourcecode.swift; path = SupabaseClient.swift; sourceTree = "<group>"; };
		SUPKEYS1E2F3A4B5C6D7E8F9A0B1 /* SupabaseKeys.plist */ = {isa = PBXFileReference; lastKnownFileType = text.plist.xml; path = SupabaseKeys.plist; sourceTree = "<group>"; };
		SYNC1E2F3A4B5C6D7E8F9A0B1 /* SessionSyncManager.swift */ = {isa = PBXFileReference; lastKnownFileType = sourcecode.swift; path = SessionSyncManager.swift; sourceTree = "<group>"; };
		TDTA2E2F3A4B5C6D7E8F9A0B1 /* TripDetailView.swift */ = {isa = PBXFileReference; lastKnownFileType = sourcecode.swift; path = TripDetailView.swift; sourceTree = "<group>"; };
		TEDR2E2F3A4B5C6D7E8F9A0B1 /* TripEditorView.swift */ = {isa = PBXFileReference; lastKnownFileType = sourcecode.swift; path = TripEditorView.swift; sourceTree = "<group>"; };
		TLSK2E2F3A4B5C6D7E8F9A0B1 /* TripLinkSessionsSheet.swift */ = {isa = PBXFileReference; lastKnownFileType = sourcecode.swift; path = TripLinkSessionsSheet.swift; sourceTree = "<group>"; };
		TLVL2E2F3A4B5C6D7E8F9A0B1 /* TapLevel.swift */ = {isa = PBXFileReference; lastKnownFileType = sourcecode.swift; path = TapLevel.swift; sourceTree = "<group>"; };
		TMDL2E2F3A4B5C6D7E8F9A0B1 /* Trip.swift */ = {isa = PBXFileReference; lastKnownFileType = sourcecode.swift; path = Trip.swift; sourceTree = "<group>"; };
		TRIPF1E2F3A4B5C6D7E8F9A0B1 /* TripsView.swift */ = {isa = PBXFileReference; lastKnownFileType = sourcecode.swift; path = TripsView.swift; sourceTree = "<group>"; };
		TSCD2E2F3A4B5C6D7E8F9A0B1 /* TripShareCardView.swift */ = {isa = PBXFileReference; lastKnownFileType = sourcecode.swift; path = TripShareCardView.swift; sourceTree = "<group>"; };
		TSTO2E2F3A4B5C6D7E8F9A0B1 /* TripStore.swift */ = {isa = PBXFileReference; lastKnownFileType = sourcecode.swift; path = TripStore.swift; sourceTree = "<group>"; };
		TWND1E2F3A4B5C6D7E8F9A0B1 /* TripMagicWandView.swift */ = {isa = PBXFileReference; lastKnownFileType = sourcecode.swift; path = TripMagicWandView.swift; sourceTree = "<group>"; };
		VADAPT1E2F3A4B5C6D7E8F9A0B1 /* View+AdaptiveSheet.swift */ = {isa = PBXFileReference; lastKnownFileType = sourcecode.swift; path = "View+AdaptiveSheet.swift"; sourceTree = "<group>"; };
		WCH1E2F3A4B5C6D7E8F9A0B1 /* TierTapWatchApp.swift */ = {isa = PBXFileReference; lastKnownFileType = sourcecode.swift; path = TierTapWatchApp.swift; sourceTree = "<group>"; };
		WCH3E2F3A4B5C6D7E8F9A0B1 /* WatchContentView.swift */ = {isa = PBXFileReference; lastKnownFileType = sourcecode.swift; path = WatchContentView.swift; sourceTree = "<group>"; };
		WCH5E2F3A4B5C6D7E8F9A0B1 /* WatchStartView.swift */ = {isa = PBXFileReference; lastKnownFileType = sourcecode.swift; path = WatchStartView.swift; sourceTree = "<group>"; };
		WCH7E2F3A4B5C6D7E8F9A0B1 /* WatchLiveView.swift */ = {isa = PBXFileReference; lastKnownFileType = sourcecode.swift; path = WatchLiveView.swift; sourceTree = "<group>"; };
		WCHASSETFILE1B2C3D4E5F6A7B8C9 /* Assets.xcassets */ = {isa = PBXFileReference; lastKnownFileType = folder.assetcatalog; path = Assets.xcassets; sourceTree = "<group>"; };
		WCHE1B2C3D4E5F6A7B8C9D0 /* TierTap Watch App.app */ = {isa = PBXFileReference; explicitFileType = wrapper.application; includeInIndex = 0; path = "TierTap Watch App.app"; sourceTree = BUILT_PRODUCTS_DIR; };
/* End PBXFileReference section */

/* Begin PBXFileSystemSynchronizedRootGroup section */
		2E255D112F5FC59400CAF0D7 /* Supabase Functions */ = {isa = PBXFileSystemSynchronizedRootGroup; explicitFileTypes = {}; explicitFolders = (); path = "Supabase Functions"; sourceTree = "<group>"; };
/* End PBXFileSystemSynchronizedRootGroup section */

/* Begin PBXFrameworksBuildPhase section */
		07A8B920A559CAD0F825EFF2 /* Frameworks */ = {
			isa = PBXFrameworksBuildPhase;
			buildActionMask = 2147483647;
			files = (
				2E255C192F5E726A00CAF0D7 /* Supabase in Frameworks */,
				SQ3_1E2F3A4B5C6D7E8F9A0B1 /* libsqlite3.tbd in Frameworks */,
			);
			runOnlyForDeploymentPostprocessing = 0;
		};
		BCD66C3A236AEE78A831F3C2 /* Frameworks */ = {
			isa = PBXFrameworksBuildPhase;
			buildActionMask = 2147483647;
			files = (
			);
			runOnlyForDeploymentPostprocessing = 0;
		};
		WCHN1B2C3D4E5F6A7B8C9D0 /* Frameworks */ = {
			isa = PBXFrameworksBuildPhase;
			buildActionMask = 2147483647;
			files = (
			);
			runOnlyForDeploymentPostprocessing = 0;
		};
/* End PBXFrameworksBuildPhase section */

/* Begin PBXGroup section */
		012CA1DD049612F01FD14100 = {
			isa = PBXGroup;
			children = (
				2E9D7B952F646B91004015F4 /* TierTapStoreKitConfig.storekit */,
				F83566B140DB1139A064E7D0 /* TierTap */,
				884F94035CBDFFAC738CD223 /* CasinoTimerWidget */,
				WCHF1B2C3D4E5F6A7B8C9D0 /* TierTap Watch App */,
				7BB2D6A268E0AEBFFAF0C87B /* Products */,
				2E255C1A2F5E726A00CAF0D7 /* Recovered References */,
				2E255D282F61F5D300CAF0D7 /* Sounds */,
				2E9D7B892F6211AD004015F4 /* ChipEstimatorPhotoStorage.swift */,
				2E9D7B8B2F621216004015F4 /* PhotoHelpers.swift */,
			);
			sourceTree = "<group>";
		};
		05C9D0E9516BCA8D35F41BC8 /* Views */ = {
			isa = PBXGroup;
			children = (
				VADAPT1E2F3A4B5C6D7E8F9A0B1 /* View+AdaptiveSheet.swift */,
				2E9D7B8F2F646A05004015F4 /* TierTapPaywallView 2.swift */,
				B89A89EFB8A3238E20A9044B /* SharedComponents.swift */,
				RTV2E2F3A4B5C6D7E8F9A0B1 /* RootTabView.swift */,
				PPCV2E2F3A4B5C6D7E8F9A0B1 /* ProfilePhotoCaptureView.swift */,
				ANV2E2F3A4B5C6D7E8F9A0B1 /* AnalyticsView.swift */,
				7E68A7C0EAF309AC9F041237 /* HomeView.swift */,
				9EF2D68C4D068D03A5AD0E99 /* CheckInView.swift */,
				12AACDC5094128715EAA64A9 /* LiveSessionView.swift */,
				F4BD724325F4B81E2A7D4A2D /* CloseoutView.swift */,
				STRAT4E2F3A4B5C6D7E8F9A0B1 /* StrategyOddsSheet.swift */,
				BA1A5F4DF459E659D6137F81 /* AddPastSessionView.swift */,
				BRV1E2F3A4B5C6D7E8F9A0B1 /* BankrollView.swift */,
				E4D2D86C8432C78C1F310B3E /* HistoryView.swift */,
				2E255BF12F5B695C00CAF0D7 /* SessionCalendarView.swift */,
				EDT2E2F3A4B5C6D7E8F9A0B1 /* EditSessionView.swift */,
				CLP2E2F3A4B5C6D7E8F9A0B1 /* CasinoLocationPickerView.swift */,
				282155DBCB51F96C8840E98B /* SessionDetailView.swift */,
				CMP1E2F3A4B5C6D7E8F9A0B1 /* CompleteSessionView.swift */,
				SMPV1E2F3A4B5C6D7E8F9A0B1 /* SessionMoodPickerView.swift */,
				GASUP1E2F3A4B5C6D7E8F9A0B1 /* GASupportSheet.swift */,
				ROR006A1B2C3D4E5F6A7B8C9D0 /* SettingsView.swift */,
				ROR008A1B2C3D4E5F6A7B8C9D0 /* RiskOfRuinView.swift */,
				TRIPF1E2F3A4B5C6D7E8F9A0B1 /* TripsView.swift */,
				MPCK2E2F3A4B5C6D7E8F9A0B1 /* MapPlacePickerView.swift */,
				FMAP2E2F3A4B5C6D7E8F9A0B1 /* FlightRouteMapView.swift */,
				TSCD2E2F3A4B5C6D7E8F9A0B1 /* TripShareCardView.swift */,
				TEDR2E2F3A4B5C6D7E8F9A0B1 /* TripEditorView.swift */,
				TDTA2E2F3A4B5C6D7E8F9A0B1 /* TripDetailView.swift */,
				TLSK2E2F3A4B5C6D7E8F9A0B1 /* TripLinkSessionsSheet.swift */,
				TWND1E2F3A4B5C6D7E8F9A0B1 /* TripMagicWandView.swift */,
			);
			path = Views;
			sourceTree = "<group>";
		};
		23A3142A7EAE1591E127EBC1 /* Models */ = {
			isa = PBXGroup;
			children = (
				ARCT2E2F3A4B5C6D7E8F9A0B1 /* AirlineCatalog.swift */,
				APRT2E2F3A4B5C6D7E8F9A0B1 /* AirportCatalog.swift */,
				3F66565AB34E6CAAC5CF584C /* Session.swift */,
				2E9D7BA02F622100004015F4 /* CompPhotoStorage.swift */,
				TMDL2E2F3A4B5C6D7E8F9A0B1 /* Trip.swift */,
				528BE1A3C52FE346B3217D97 /* GamesList.swift */,
				SLTSL02B2C3D4E5F6A7B8C9D0 /* SlotsList.swift */,
				ROR002A1B2C3D4E5F6A7B8C9D0 /* RiskOfRuin.swift */,
				TLVL2E2F3A4B5C6D7E8F9A0B1 /* TapLevel.swift */,
				SHR1E2F3A4B5C6D7E8F9A0B1 /* SessionShareFormatter.swift */,
				GEN1E2F3A4B5C6D7E8F9A0B1 /* SessionSharePhrasesGenerated.swift */,
			);
			path = Models;
			sourceTree = "<group>";
		};
		2E255C1A2F5E726A00CAF0D7 /* Recovered References */ = {
			isa = PBXGroup;
			children = (
				SQ3_2E2F3A4B5C6D7E8F9A0B1 /* libsqlite3.tbd */,
			);
			name = "Recovered References";
			sourceTree = "<group>";
		};
		2E255D282F61F5D300CAF0D7 /* Sounds */ = {
			isa = PBXGroup;
			children = (
				2E255D452F61FAF900CAF0D7 /* boodoodaloop.wav */,
				2E255D462F61FAF900CAF0D7 /* cash_register_sfx.wav */,
				2E255D472F61FAF900CAF0D7 /* cat_star_collect.wav */,
				2E255D482F61FAF900CAF0D7 /* coins_clinking.wav */,
				2E255D492F61FAF900CAF0D7 /* victory_confetti.wav */,
			);
			path = Sounds;
			sourceTree = "<group>";
		};
		7BB2D6A268E0AEBFFAF0C87B /* Products */ = {
			isa = PBXGroup;
			children = (
				50E24F578992717D666E68F1 /* TierTap.app */,
				6284434301FEFC6B712F8C85 /* CasinoTimerWidget.appex */,
				WCHE1B2C3D4E5F6A7B8C9D0 /* TierTap Watch App.app */,
			);
			name = Products;
			sourceTree = "<group>";
		};
		884F94035CBDFFAC738CD223 /* CasinoTimerWidget */ = {
			isa = PBXGroup;
			children = (
				E59784185C66795D64D20143 /* CasinoTimerWidgetBundle.swift */,
				225E7D763D8DAA7463C4C6D4 /* CasinoTimerLiveActivity.swift */,
				4E7914876B5DF969011894CE /* Assets.xcassets */,
				3033F08B21E05E979C40C043 /* Info.plist */,
			);
			path = CasinoTimerWidget;
			sourceTree = "<group>";
		};
		BRDBGRP1E2F3A4B5C6D7E8F9A0B1 /* Data */ = {
			isa = PBXGroup;
			children = (
				2E255D0E2F5FC0FB00CAF0D7 /* Sensitive.swift */,
				BRDB2E2F3A4B5C6D7E8F9A0B1 /* BankrollDatabase.swift */,
				STRAT2E2F3A4B5C6D7E8F9A0B1 /* StrategyDatabase.swift */,
			);
			path = Data;
			sourceTree = "<group>";
		};
		E12E0905B1BCD8F80BC7098A /* ViewModels */ = {
			isa = PBXGroup;
			children = (
				9BD76C0A3AE68DFB2FD713FE /* SessionStore.swift */,
				TSTO2E2F3A4B5C6D7E8F9A0B1 /* TripStore.swift */,
				ROR004A1B2C3D4E5F6A7B8C9D0 /* SettingsStore.swift */,
				LOC2E2F3A4B5C6D7E8F9A0B1 /* LocationManager.swift */,
				AUTHST1E2F3A4B5C6D7E8F9A0B1 /* AuthStore.swift */,
				2E9D7B912F646A24004015F4 /* SubscriptionStore 2.swift */,
			);
			path = ViewModels;
			sourceTree = "<group>";
		};
		F6A52B96A572CEDB6BEC3CF6 /* LiveActivity */ = {
			isa = PBXGroup;
			children = (
				B21770C30ED23561A6D19424 /* TimerActivityAttributes.swift */,
				59530A4B162B6150C3F88C1F /* LiveActivityManager.swift */,
			);
			path = LiveActivity;
			sourceTree = "<group>";
		};
		L10NGRP1E2F3A4B5C6D7E8F9A0B1 /* Localization */ = {
			isa = PBXGroup;
			children = (
				L10NSW1E2F3A4B5C6D7E8F9A0B1 /* TierTapLocalization.swift */,
				L10NJS1E2F3A4B5C6D7E8F9A0B1 /* Strings.json */,
			);
			path = Localization;
			sourceTree = "<group>";
		};
		F83566B140DB1139A064E7D0 /* TierTap */ = {
			isa = PBXGroup;
			children = (
				L10NGRP1E2F3A4B5C6D7E8F9A0B1 /* Localization */,
				2E255D112F5FC59400CAF0D7 /* Supabase Functions */,
				2E255BEF2F5B436F00CAF0D7 /* TierTap.entitlements */,
				692681C1D425214EB9F4B3A2 /* TierTapApp.swift */,
				GEMTH1E2F3A4B5C6D7E8F9A0B1 /* GeminiRouterThrottle.swift */,
				SUPAC1E2F3A4B5C6D7E8F9A0B1 /* SupabaseClient.swift */,
				COMMUNITYPUB1E2F3A4B5C6D7E8F9A0B1 /* CommunityPublisher.swift */,
				PROFCK1E2F3A4B5C6D7E8F9A0B1 /* ProfanityChecker.swift */,
				BRDBGRP1E2F3A4B5C6D7E8F9A0B1 /* Data */,
				23A3142A7EAE1591E127EBC1 /* Models */,
				E12E0905B1BCD8F80BC7098A /* ViewModels */,
				05C9D0E9516BCA8D35F41BC8 /* Views */,
				F6A52B96A572CEDB6BEC3CF6 /* LiveActivity */,
				SYNC4E2F3A4B5C6D7E8F9A0B1 /* WatchConnectivity */,
				2AFACC62D4FCEDB93AF500B6 /* Assets.xcassets */,
				BE9B9607B2D22C77E1D06D68 /* Info.plist */,
				PROFWORDS1E2F3A4B5C6D7E8F9A0B1 /* ProfanityWords.txt */,
				ARPTJ1E2F3A4B5C6D7E8F9A0B1 /* Airports.json */,
				SUPKEYS1E2F3A4B5C6D7E8F9A0B1 /* SupabaseKeys.plist */,
			);
			path = TierTap;
			sourceTree = "<group>";
		};
		SYNC4E2F3A4B5C6D7E8F9A0B1 /* WatchConnectivity */ = {
			isa = PBXGroup;
			children = (
				SYNC1E2F3A4B5C6D7E8F9A0B1 /* SessionSyncManager.swift */,
			);
			path = WatchConnectivity;
			sourceTree = "<group>";
		};
		WCHF1B2C3D4E5F6A7B8C9D0 /* TierTap Watch App */ = {
			isa = PBXGroup;
			children = (
				2E255BF02F5B438600CAF0D7 /* TierTap Watch App.entitlements */,
				WCHASSETFILE1B2C3D4E5F6A7B8C9 /* Assets.xcassets */,
				WCH1E2F3A4B5C6D7E8F9A0B1 /* TierTapWatchApp.swift */,
				WCHG1B2C3D4E5F6A7B8C9D0 /* Views */,
			);
			path = "TierTap Watch App";
			sourceTree = "<group>";
		};
		WCHG1B2C3D4E5F6A7B8C9D0 /* Views */ = {
			isa = PBXGroup;
			children = (
				WCH3E2F3A4B5C6D7E8F9A0B1 /* WatchContentView.swift */,
				WCH5E2F3A4B5C6D7E8F9A0B1 /* WatchStartView.swift */,
				WCH7E2F3A4B5C6D7E8F9A0B1 /* WatchLiveView.swift */,
			);
			path = Views;
			sourceTree = "<group>";
		};
/* End PBXGroup section */

/* Begin PBXNativeTarget section */
		03F1CD5F275B834E8C24AFB1 /* CasinoTimerWidget */ = {
			isa = PBXNativeTarget;
			buildConfigurationList = 814AE8099500A8B85805EFB0 /* Build configuration list for PBXNativeTarget "CasinoTimerWidget" */;
			buildPhases = (
				1370120DF86FC76D5C7E8175 /* Sources */,
				BCD66C3A236AEE78A831F3C2 /* Frameworks */,
				A5F047E13B02559CF32DD4C7 /* Resources */,
			);
			buildRules = (
			);
			dependencies = (
			);
			name = CasinoTimerWidget;
			productName = CasinoTimerWidget;
			productReference = 6284434301FEFC6B712F8C85 /* CasinoTimerWidget.appex */;
			productType = "com.apple.product-type.app-extension";
		};
		F72D60A227DE777C5EC16A58 /* TierTap */ = {
			isa = PBXNativeTarget;
			buildConfigurationList = 403EAEF0D32DB540AA6F3456 /* Build configuration list for PBXNativeTarget "TierTap" */;
			buildPhases = (
				C2442AA9E3C6F77D0684A085 /* Sources */,
				07A8B920A559CAD0F825EFF2 /* Frameworks */,
				06C4B56600D303C57A08BF3C /* Resources */,
				5D476A1E66DB4661A15CD0C4 /* Embed Foundation Extensions */,
				WCHH1B2C3D4E5F6A7B8C9D0 /* Embed Watch Content */,
				ICON1A2B3C4D5E6F7A8B9C0D1E2F /* Inject CFBundleIconName */,
			);
			buildRules = (
			);
			dependencies = (
				1681A9BFE803ABEFF8AB490A /* PBXTargetDependency */,
				WCHK1B2C3D4E5F6A7B8C9D0 /* PBXTargetDependency */,
			);
			fileSystemSynchronizedGroups = (
				2E255D112F5FC59400CAF0D7 /* Supabase Functions */,
			);
			name = TierTap;
			packageProductDependencies = (
				SUPAPROD1E2F3A4B5C6D7E8F9A0B1 /* Supabase */,
			);
			productName = TierTap;
			productReference = 50E24F578992717D666E68F1 /* TierTap.app */;
			productType = "com.apple.product-type.application";
		};
		WCHJ1B2C3D4E5F6A7B8C9D0 /* TierTap Watch App */ = {
			isa = PBXNativeTarget;
			buildConfigurationList = WCHL1B2C3D4E5F6A7B8C9D0 /* Build configuration list for PBXNativeTarget "TierTap Watch App" */;
			buildPhases = (
				WCHM1B2C3D4E5F6A7B8C9D0 /* Sources */,
				WCHN1B2C3D4E5F6A7B8C9D0 /* Frameworks */,
				WCHO1B2C3D4E5F6A7B8C9D0 /* Resources */,
			);
			buildRules = (
			);
			dependencies = (
			);
			name = "TierTap Watch App";
			productName = "TierTap Watch App";
			productReference = WCHE1B2C3D4E5F6A7B8C9D0 /* TierTap Watch App.app */;
			productType = "com.apple.product-type.application";
		};
/* End PBXNativeTarget section */

/* Begin PBXProject section */
		07F404DF93F9889DBB33E522 /* Project object */ = {
			isa = PBXProject;
			attributes = {
				BuildIndependentTargetsInParallel = 1;
				LastSwiftUpdateCheck = 1530;
				LastUpgradeCheck = 2630;
				TargetAttributes = {
					03F1CD5F275B834E8C24AFB1 = {
						CreatedOnToolsVersion = 15.3;
					};
					F72D60A227DE777C5EC16A58 = {
						CreatedOnToolsVersion = 15.3;
					};
				};
			};
			buildConfigurationList = 2BDDF2BDDEC4EC63A4714BDB /* Build configuration list for PBXProject "TierTap" */;
			compatibilityVersion = "Xcode 14.0";
			developmentRegion = en;
			hasScannedForEncodings = 0;
			knownRegions = (
				en,
				Base,
				ar,
				de,
				es,
				fr,
				he,
				hi,
				ja,
				ko,
				vi,
				"zh-Hans",
			);
			mainGroup = 012CA1DD049612F01FD14100;
			packageReferences = (
				SUPAREF1E2F3A4B5C6D7E8F9A0B1 /* XCRemoteSwiftPackageReference "supabase-swift" */,
			);
			productRefGroup = 7BB2D6A268E0AEBFFAF0C87B /* Products */;
			projectDirPath = "";
			projectRoot = "";
			targets = (
				F72D60A227DE777C5EC16A58 /* TierTap */,
				03F1CD5F275B834E8C24AFB1 /* CasinoTimerWidget */,
				WCHJ1B2C3D4E5F6A7B8C9D0 /* TierTap Watch App */,
			);
		};
/* End PBXProject section */

/* Begin PBXResourcesBuildPhase section */
		06C4B56600D303C57A08BF3C /* Resources */ = {
			isa = PBXResourcesBuildPhase;
			buildActionMask = 2147483647;
			files = (
				0FB77BEA365A80289B878F9D /* Assets.xcassets in Resources */,
				PROFWORDS2E2F3A4B5C6D7E8F9A0B1 /* ProfanityWords.txt in Resources */,
				SUPKEYS2E2F3A4B5C6D7E8F9A0B1 /* SupabaseKeys.plist in Resources */,
				2E255D4A2F61FAF900CAF0D7 /* cash_register_sfx.wav in Resources */,
				2E9D7B962F646B91004015F4 /* TierTapStoreKitConfig.storekit in Resources */,
				2E255D4B2F61FAF900CAF0D7 /* coins_clinking.wav in Resources */,
				2E255D4C2F61FAF900CAF0D7 /* victory_confetti.wav in Resources */,
				2E255D4D2F61FAF900CAF0D7 /* cat_star_collect.wav in Resources */,
				2E255D4E2F61FAF900CAF0D7 /* boodoodaloop.wav in Resources */,
				ARPTJ2E2F3A4B5C6D7E8F9A0B1 /* Airports.json in Resources */,
				L10NB2E2F3A4B5C6D7E8F9A0B1 /* Strings.json in Resources */,
			);
			runOnlyForDeploymentPostprocessing = 0;
		};
		A5F047E13B02559CF32DD4C7 /* Resources */ = {
			isa = PBXResourcesBuildPhase;
			buildActionMask = 2147483647;
			files = (
				EF2B864E24E60E38490A66D1 /* Assets.xcassets in Resources */,
			);
			runOnlyForDeploymentPostprocessing = 0;
		};
		WCHO1B2C3D4E5F6A7B8C9D0 /* Resources */ = {
			isa = PBXResourcesBuildPhase;
			buildActionMask = 2147483647;
			files = (
				WCHASSETBUILD1B2C3D4E5F6A7B8C9 /* Assets.xcassets in Resources */,
				L10NB4E2F3A4B5C6D7E8F9A0B1 /* Strings.json in Resources */,
			);
			runOnlyForDeploymentPostprocessing = 0;
		};
/* End PBXResourcesBuildPhase section */

/* Begin PBXShellScriptBuildPhase section */
		ICON1A2B3C4D5E6F7A8B9C0D1E2F /* Inject CFBundleIconName */ = {
			isa = PBXShellScriptBuildPhase;
			buildActionMask = 2147483647;
			files = (
			);
			inputFileListPaths = (
			);
			inputPaths = (
			);
			name = "Inject CFBundleIconName";
			outputFileListPaths = (
			);
			outputPaths = (
			);
			runOnlyForDeploymentPostprocessing = 0;
			shellPath = /bin/sh;
			shellScript = "PLIST=\"${BUILT_PRODUCTS_DIR}/${WRAPPER_NAME}/Info.plist\"\nif [ -f \"$PLIST\" ]; then\n  /usr/libexec/PlistBuddy -c \"Set :CFBundleIconName AppIcon\" \"$PLIST\" 2>/dev/null || /usr/libexec/PlistBuddy -c \"Add :CFBundleIconName string AppIcon\" \"$PLIST\"\nfi\n";
		};
/* End PBXShellScriptBuildPhase section */

/* Begin PBXSourcesBuildPhase section */
		1370120DF86FC76D5C7E8175 /* Sources */ = {
			isa = PBXSourcesBuildPhase;
			buildActionMask = 2147483647;
			files = (
				7EF7AB1EEB44C261BF43C4A0 /* TimerActivityAttributes.swift in Sources */,
				4049A588F76583281B4B28A7 /* CasinoTimerWidgetBundle.swift in Sources */,
				E6F64AD6052E4E36610FEAD6 /* CasinoTimerLiveActivity.swift in Sources */,
			);
			runOnlyForDeploymentPostprocessing = 0;
		};
		C2442AA9E3C6F77D0684A085 /* Sources */ = {
			isa = PBXSourcesBuildPhase;
			buildActionMask = 2147483647;
			files = (
				8BB8382F211EA6C5D116D2F1 /* TierTapApp.swift in Sources */,
				L10NB1E2F3A4B5C6D7E8F9A0B1 /* TierTapLocalization.swift in Sources */,
				RTV1E2F3A4B5C6D7E8F9A0B1 /* RootTabView.swift in Sources */,
				TRIPB1E2F3A4B5C6D7E8F9A0B1 /* TripsView.swift in Sources */,
				MPCK1E2F3A4B5C6D7E8F9A0B1 /* MapPlacePickerView.swift in Sources */,
				FMAP1E2F3A4B5C6D7E8F9A0B1 /* FlightRouteMapView.swift in Sources */,
				TSCD1E2F3A4B5C6D7E8F9A0B1 /* TripShareCardView.swift in Sources */,
				TEDR1E2F3A4B5C6D7E8F9A0B1 /* TripEditorView.swift in Sources */,
				TDTA1E2F3A4B5C6D7E8F9A0B1 /* TripDetailView.swift in Sources */,
				TLSK1E2F3A4B5C6D7E8F9A0B1 /* TripLinkSessionsSheet.swift in Sources */,
				TWND2E2F3A4B5C6D7E8F9A0B1 /* TripMagicWandView.swift in Sources */,
				PPCV1E2F3A4B5C6D7E8F9A0B1 /* ProfilePhotoCaptureView.swift in Sources */,
				ANV1E2F3A4B5C6D7E8F9A0B1 /* AnalyticsView.swift in Sources */,
				ARCT1E2F3A4B5C6D7E8F9A0B1 /* AirlineCatalog.swift in Sources */,
				APRT1E2F3A4B5C6D7E8F9A0B1 /* AirportCatalog.swift in Sources */,
				CLP1E2F3A4B5C6D7E8F9A0B1 /* CasinoLocationPickerView.swift in Sources */,
				LOC1E2F3A4B5C6D7E8F9A0B1 /* LocationManager.swift in Sources */,
				C76C3D9C2E48B9A7792CCB65 /* Session.swift in Sources */,
				TMDL1E2F3A4B5C6D7E8F9A0B1 /* Trip.swift in Sources */,
				CBC5F05A95C22DE1BD7EE0A5 /* GamesList.swift in Sources */,
				SLTSL01B2C3D4E5F6A7B8C9D0 /* SlotsList.swift in Sources */,
				4669C50222DDB776D1422FD4 /* SessionStore.swift in Sources */,
				TSTO1E2F3A4B5C6D7E8F9A0B1 /* TripStore.swift in Sources */,
				2E9D7B902F646A05004015F4 /* TierTapPaywallView 2.swift in Sources */,
				821E6DDA382E0CE1E1946481 /* SharedComponents.swift in Sources */,
				363A6D9DA62587287363A8D0 /* HomeView.swift in Sources */,
				4DE904DFE36CBBB338FB08AB /* CheckInView.swift in Sources */,
				8B3D849204B1B8C397297758 /* LiveSessionView.swift in Sources */,
				8DF0D438CA150700D1E471C0 /* CloseoutView.swift in Sources */,
				BRDB1E2F3A4B5C6D7E8F9A0B1 /* BankrollDatabase.swift in Sources */,
				STRAT1E2F3A4B5C6D7E8F9A0B1 /* StrategyDatabase.swift in Sources */,
				STRAT3E2F3A4B5C6D7E8F9A0B1 /* StrategyOddsSheet.swift in Sources */,
				BRV2E2F3A4B5C6D7E8F9A0B1 /* BankrollView.swift in Sources */,
				E854A04D944B020CC4AED936 /* AddPastSessionView.swift in Sources */,
				2E9D7B8A2F6211AD004015F4 /* ChipEstimatorPhotoStorage.swift in Sources */,
				2E9D7BA12F622100004015F4 /* CompPhotoStorage.swift in Sources */,
				2E255D0F2F5FC0FF00CAF0D7 /* Sensitive.swift in Sources */,
				2DA3CE7309FB1E9CEFBCDE5F /* HistoryView.swift in Sources */,
				2E255BF22F5B695C00CAF0D7 /* SessionCalendarView.swift in Sources */,
				EDT1E2F3A4B5C6D7E8F9A0B1 /* EditSessionView.swift in Sources */,
				5D3C168B9CE3435A704BCBEC /* SessionDetailView.swift in Sources */,
				2E9D7B8C2F621216004015F4 /* PhotoHelpers.swift in Sources */,
				CMP2E2F3A4B5C6D7E8F9A0B1 /* CompleteSessionView.swift in Sources */,
				SMPV2E2F3A4B5C6D7E8F9A0B1 /* SessionMoodPickerView.swift in Sources */,
				GASUP2E2F3A4B5C6D7E8F9A0B1 /* GASupportSheet.swift in Sources */,
				674CB1E13D01FF5CF36F976E /* TimerActivityAttributes.swift in Sources */,
				CB114299AE356748C9F4F699 /* LiveActivityManager.swift in Sources */,
				ROR001A1B2C3D4E5F6A7B8C9D0 /* RiskOfRuin.swift in Sources */,
				TLVL1E2F3A4B5C6D7E8F9A0B1 /* TapLevel.swift in Sources */,
				ROR003A1B2C3D4E5F6A7B8C9D0 /* SettingsStore.swift in Sources */,
				ROR005A1B2C3D4E5F6A7B8C9D0 /* SettingsView.swift in Sources */,
				ROR007A1B2C3D4E5F6A7B8C9D0 /* RiskOfRuinView.swift in Sources */,
				SYNC2E2F3A4B5C6D7E8F9A0B1 /* SessionSyncManager.swift in Sources */,
				VADAPT2E2F3A4B5C6D7E8F9A0B1 /* View+AdaptiveSheet.swift in Sources */,
				SHR2E2F3A4B5C6D7E8F9A0B1 /* SessionShareFormatter.swift in Sources */,
				GEN2E2F3A4B5C6D7E8F9A0B1 /* SessionSharePhrasesGenerated.swift in Sources */,
				GEMTH2E2F3A4B5C6D7E8F9A0B1 /* GeminiRouterThrottle.swift in Sources */,
				SUPAC2E2F3A4B5C6D7E8F9A0B1 /* SupabaseClient.swift in Sources */,
				COMMUNITYPUB2E2F3A4B5C6D7E8F9A0B1 /* CommunityPublisher.swift in Sources */,
				PROFCK2E2F3A4B5C6D7E8F9A0B1 /* ProfanityChecker.swift in Sources */,
				2E9D7B922F646A24004015F4 /* SubscriptionStore 2.swift in Sources */,
				AUTHST2E2F3A4B5C6D7E8F9A0B1 /* AuthStore.swift in Sources */,
			);
			runOnlyForDeploymentPostprocessing = 0;
		};
		WCHM1B2C3D4E5F6A7B8C9D0 /* Sources */ = {
			isa = PBXSourcesBuildPhase;
			buildActionMask = 2147483647;
			files = (
				WCH2E2F3A4B5C6D7E8F9A0B1 /* TierTapWatchApp.swift in Sources */,
				WCH4E2F3A4B5C6D7E8F9A0B1 /* WatchContentView.swift in Sources */,
				WCH6E2F3A4B5C6D7E8F9A0B1 /* WatchStartView.swift in Sources */,
				WCH8E2F3A4B5C6D7E8F9A0B1 /* WatchLiveView.swift in Sources */,
				WCHA1B2C3D4E5F6A7B8C9D0 /* Session.swift in Sources */,
				WCHB1B2C3D4E5F6A7B8C9D0 /* GamesList.swift in Sources */,
				WCHC1B2C3D4E5F6A7B8C9D0 /* SessionStore.swift in Sources */,
				SYNC3E2F3A4B5C6D7E8F9A0B1 /* SessionSyncManager.swift in Sources */,
				L10NB3E2F3A4B5C6D7E8F9A0B1 /* TierTapLocalization.swift in Sources */,
			);
			runOnlyForDeploymentPostprocessing = 0;
		};
/* End PBXSourcesBuildPhase section */

/* Begin PBXTargetDependency section */
		1681A9BFE803ABEFF8AB490A /* PBXTargetDependency */ = {
			isa = PBXTargetDependency;
			target = 03F1CD5F275B834E8C24AFB1 /* CasinoTimerWidget */;
			targetProxy = 13641607A338B0A3E51D1FC7 /* PBXContainerItemProxy */;
		};
		WCHK1B2C3D4E5F6A7B8C9D0 /* PBXTargetDependency */ = {
			isa = PBXTargetDependency;
			target = WCHJ1B2C3D4E5F6A7B8C9D0 /* TierTap Watch App */;
			targetProxy = WCHI1B2C3D4E5F6A7B8C9D0 /* PBXContainerItemProxy */;
		};
/* End PBXTargetDependency section */

/* Begin XCBuildConfiguration section */
		0A49035E4EE31F457906D314 /* Release */ = {
			isa = XCBuildConfiguration;
			buildSettings = {
				ALWAYS_SEARCH_USER_PATHS = NO;
				CLANG_ANALYZER_NONNULL = YES;
				CLANG_CXX_LANGUAGE_STANDARD = "gnu++20";
				CLANG_ENABLE_MODULES = YES;
				CLANG_ENABLE_OBJC_ARC = YES;
				CLANG_WARN_BLOCK_CAPTURE_AUTORELEASING = YES;
				CLANG_WARN_BOOL_CONVERSION = YES;
				CLANG_WARN_COMMA = YES;
				CLANG_WARN_CONSTANT_CONVERSION = YES;
				CLANG_WARN_DEPRECATED_OBJC_IMPLEMENTATIONS = YES;
				CLANG_WARN_EMPTY_BODY = YES;
				CLANG_WARN_ENUM_CONVERSION = YES;
				CLANG_WARN_INFINITE_RECURSION = YES;
				CLANG_WARN_INT_CONVERSION = YES;
				CLANG_WARN_NON_LITERAL_NULL_CONVERSION = YES;
				CLANG_WARN_OBJC_IMPLICIT_RETAIN_SELF = YES;
				CLANG_WARN_OBJC_LITERAL_CONVERSION = YES;
				CLANG_WARN_QUOTED_INCLUDE_IN_FRAMEWORK_HEADER = YES;
				CLANG_WARN_RANGE_LOOP_ANALYSIS = YES;
				CLANG_WARN_STRICT_PROTOTYPES = YES;
				CLANG_WARN_SUSPICIOUS_MOVE = YES;
				CLANG_WARN_UNREACHABLE_CODE = YES;
				CLANG_WARN__DUPLICATE_METHOD_MATCH = YES;
				COPY_PHASE_STRIP = NO;
				DEBUG_INFORMATION_FORMAT = "dwarf-with-dsym";
				DEVELOPMENT_TEAM = LVWH8T63HA;
				ENABLE_NS_ASSERTIONS = NO;
				ENABLE_STRICT_OBJC_MSGSEND = YES;
				ENABLE_USER_SCRIPT_SANDBOXING = YES;
				GCC_C_LANGUAGE_STANDARD = gnu17;
				GCC_NO_COMMON_BLOCKS = YES;
				GCC_WARN_64_TO_32_BIT_CONVERSION = YES;
				GCC_WARN_ABOUT_RETURN_TYPE = YES;
				GCC_WARN_UNDECLARED_SELECTOR = YES;
				GCC_WARN_UNINITIALIZED_AUTOS = YES;
				GCC_WARN_UNUSED_FUNCTION = YES;
				GCC_WARN_UNUSED_VARIABLE = YES;
				IPHONEOS_DEPLOYMENT_TARGET = 16.2;
				MTL_FAST_MATH = YES;
				SDKROOT = iphoneos;
				STRING_CATALOG_GENERATE_SYMBOLS = YES;
				SWIFT_COMPILATION_MODE = wholemodule;
				SWIFT_OPTIMIZATION_LEVEL = "-O";
				SWIFT_VERSION = 5.0;
				VALIDATE_PRODUCT = YES;
			};
			name = Release;
		};
		7020EA4632D367D3B9FEC0D0 /* Debug */ = {
			isa = XCBuildConfiguration;
			buildSettings = {
				CODE_SIGN_STYLE = Automatic;
				CURRENT_PROJECT_VERSION = 1;
				GENERATE_INFOPLIST_FILE = NO;
				INFOPLIST_FILE = CasinoTimerWidget/Info.plist;
				INFOPLIST_KEY_CFBundleDisplayName = TierTapWidget;
				IPHONEOS_DEPLOYMENT_TARGET = 16.2;
				MARKETING_VERSION = 1.0;
				PRODUCT_BUNDLE_IDENTIFIER = com.app.tiertap.CasinoTimerWidget;
				PRODUCT_NAME = "$(TARGET_NAME)";
				SDKROOT = iphoneos;
				SKIP_INSTALL = YES;
				SUPPORTED_PLATFORMS = "iphoneos iphonesimulator";
				SUPPORTS_MACCATALYST = NO;
				SUPPORTS_MAC_DESIGNED_FOR_IPHONE_IPAD = NO;
				SUPPORTS_XR_DESIGNED_FOR_IPHONE_IPAD = NO;
				SWIFT_EMIT_LOC_STRINGS = YES;
				SWIFT_VERSION = 5.0;
				TARGETED_DEVICE_FAMILY = "1,2";
			};
			name = Debug;
		};
		7B7F4807ED44CE5E34FAF73A /* Release */ = {
			isa = XCBuildConfiguration;
			buildSettings = {
				ASPECTRATIO_MAP = "$(SRCROOT)/TierTap/Assets.xcassets";
				ASSETCATALOG_COMPILER_APPICON_NAME = AppIcon;
				ASSETCATALOG_COMPILER_INCLUDE_ALL_APPICON_ASSETS = YES;
				ASSET_CATALOG_COMPILER_APPICON_NAME = AppIcon;
				ASSET_CATALOG_COMPILER_OPTIMIZATION = space;
				CODE_SIGN_ENTITLEMENTS = TierTap/TierTap.entitlements;
				CODE_SIGN_STYLE = Automatic;
				CURRENT_PROJECT_VERSION = 1;
				ENABLE_PREVIEWS = YES;
				GENERATE_INFOPLIST_FILE = YES;
				INFOPLIST_FILE = TierTap/Info.plist;
				INFOPLIST_KEY_CFBundleDisplayName = TierTap;
				INFOPLIST_KEY_CFBundleIconName = AppIcon;
				INFOPLIST_KEY_LSApplicationCategoryType = "public.app-category.utilities";
				INFOPLIST_KEY_NSCameraUsageDescription = "TierTap uses the camera so you can take a profile photo.";
				INFOPLIST_KEY_NSLocationWhenInUseUsageDescription = "TierTap uses your location to suggest nearby casinos so you can quickly tag where you played.";
				INFOPLIST_KEY_NSPhotoLibraryUsageDescription = "TierTap needs access to your photo library so you can choose a profile photo.";
				INFOPLIST_KEY_NSSupportsLiveActivities = YES;
				INFOPLIST_KEY_NSSupportsLiveActivitiesFrequentUpdates = YES;
				INFOPLIST_KEY_UIApplicationSceneManifest_UIApplicationSupportsMultipleScenes = NO;
				INFOPLIST_KEY_UILaunchScreen_UIColorName = "";
				INFOPLIST_KEY_UISupportedInterfaceOrientations = UIInterfaceOrientationPortrait;
				INFOPLIST_KEY_UISupportedInterfaceOrientations_iPad = "UIInterfaceOrientationPortrait UIInterfaceOrientationPortraitUpsideDown UIInterfaceOrientationLandscapeLeft UIInterfaceOrientationLandscapeRight";
				IPHONEOS_DEPLOYMENT_TARGET = 16.2;
				MARKETING_VERSION = 2.0;
				PRODUCT_BUNDLE_IDENTIFIER = com.app.tiertap;
				PRODUCT_NAME = "$(TARGET_NAME)";
				SDKROOT = iphoneos;
				SUPPORTED_PLATFORMS = "iphoneos iphonesimulator";
				SUPPORTS_MACCATALYST = NO;
				SUPPORTS_MAC_DESIGNED_FOR_IPHONE_IPAD = NO;
				SUPPORTS_XR_DESIGNED_FOR_IPHONE_IPAD = NO;
				SWIFT_EMIT_LOC_STRINGS = YES;
				SWIFT_VERSION = 5.0;
				TARGETED_DEVICE_FAMILY = "1,2";
			};
			name = Release;
		};
		9DF92A29F43C019B2A0FB384 /* Debug */ = {
			isa = XCBuildConfiguration;
			buildSettings = {
				ALWAYS_SEARCH_USER_PATHS = NO;
				CLANG_ANALYZER_NONNULL = YES;
				CLANG_CXX_LANGUAGE_STANDARD = "gnu++20";
				CLANG_ENABLE_MODULES = YES;
				CLANG_ENABLE_OBJC_ARC = YES;
				CLANG_WARN_BLOCK_CAPTURE_AUTORELEASING = YES;
				CLANG_WARN_BOOL_CONVERSION = YES;
				CLANG_WARN_COMMA = YES;
				CLANG_WARN_CONSTANT_CONVERSION = YES;
				CLANG_WARN_DEPRECATED_OBJC_IMPLEMENTATIONS = YES;
				CLANG_WARN_EMPTY_BODY = YES;
				CLANG_WARN_ENUM_CONVERSION = YES;
				CLANG_WARN_INFINITE_RECURSION = YES;
				CLANG_WARN_INT_CONVERSION = YES;
				CLANG_WARN_NON_LITERAL_NULL_CONVERSION = YES;
				CLANG_WARN_OBJC_IMPLICIT_RETAIN_SELF = YES;
				CLANG_WARN_OBJC_LITERAL_CONVERSION = YES;
				CLANG_WARN_QUOTED_INCLUDE_IN_FRAMEWORK_HEADER = YES;
				CLANG_WARN_RANGE_LOOP_ANALYSIS = YES;
				CLANG_WARN_STRICT_PROTOTYPES = YES;
				CLANG_WARN_SUSPICIOUS_MOVE = YES;
				CLANG_WARN_UNREACHABLE_CODE = YES;
				CLANG_WARN__DUPLICATE_METHOD_MATCH = YES;
				COPY_PHASE_STRIP = NO;
				DEBUG_INFORMATION_FORMAT = dwarf;
				DEVELOPMENT_TEAM = LVWH8T63HA;
				ENABLE_STRICT_OBJC_MSGSEND = YES;
				ENABLE_TESTABILITY = YES;
				ENABLE_USER_SCRIPT_SANDBOXING = YES;
				GCC_C_LANGUAGE_STANDARD = gnu17;
				GCC_DYNAMIC_NO_PIC = NO;
				GCC_NO_COMMON_BLOCKS = YES;
				GCC_OPTIMIZATION_LEVEL = 0;
				GCC_PREPROCESSOR_DEFINITIONS = (
					"DEBUG=1",
					"$(inherited)",
				);
				GCC_WARN_64_TO_32_BIT_CONVERSION = YES;
				GCC_WARN_ABOUT_RETURN_TYPE = YES;
				GCC_WARN_UNDECLARED_SELECTOR = YES;
				GCC_WARN_UNINITIALIZED_AUTOS = YES;
				GCC_WARN_UNUSED_FUNCTION = YES;
				GCC_WARN_UNUSED_VARIABLE = YES;
				IPHONEOS_DEPLOYMENT_TARGET = 16.2;
				MTL_ENABLE_DEBUG_INFO = INCLUDE_SOURCE;
				MTL_FAST_MATH = YES;
				ONLY_ACTIVE_ARCH = YES;
				SDKROOT = iphoneos;
				STRING_CATALOG_GENERATE_SYMBOLS = YES;
				SWIFT_ACTIVE_COMPILATION_CONDITIONS = DEBUG;
				SWIFT_OPTIMIZATION_LEVEL = "-Onone";
				SWIFT_VERSION = 5.0;
			};
			name = Debug;
		};
		B6595FEB3DD1557C76FCF2B2 /* Release */ = {
			isa = XCBuildConfiguration;
			buildSettings = {
				CODE_SIGN_STYLE = Automatic;
				CURRENT_PROJECT_VERSION = 1;
				GENERATE_INFOPLIST_FILE = NO;
				INFOPLIST_FILE = CasinoTimerWidget/Info.plist;
				INFOPLIST_KEY_CFBundleDisplayName = TierTapWidget;
				IPHONEOS_DEPLOYMENT_TARGET = 16.2;
				MARKETING_VERSION = 1.0;
				PRODUCT_BUNDLE_IDENTIFIER = com.app.tiertap.CasinoTimerWidget;
				PRODUCT_NAME = "$(TARGET_NAME)";
				SDKROOT = iphoneos;
				SKIP_INSTALL = YES;
				SUPPORTED_PLATFORMS = "iphoneos iphonesimulator";
				SUPPORTS_MACCATALYST = NO;
				SUPPORTS_MAC_DESIGNED_FOR_IPHONE_IPAD = NO;
				SUPPORTS_XR_DESIGNED_FOR_IPHONE_IPAD = NO;
				SWIFT_EMIT_LOC_STRINGS = YES;
				SWIFT_VERSION = 5.0;
				TARGETED_DEVICE_FAMILY = "1,2";
			};
			name = Release;
		};
		CD8EFD29E3F29E3B6C9AB7D4 /* Debug */ = {
			isa = XCBuildConfiguration;
			buildSettings = {
				ASPECTRATIO_MAP = "$(SRCROOT)/TierTap/Assets.xcassets";
				ASSETCATALOG_COMPILER_APPICON_NAME = AppIcon;
				ASSETCATALOG_COMPILER_INCLUDE_ALL_APPICON_ASSETS = YES;
				ASSET_CATALOG_COMPILER_APPICON_NAME = AppIcon;
				ASSET_CATALOG_COMPILER_OPTIMIZATION = space;
				CODE_SIGN_ENTITLEMENTS = TierTap/TierTap.entitlements;
				CODE_SIGN_STYLE = Automatic;
				CURRENT_PROJECT_VERSION = 1;
				DEVELOPMENT_ASSET_PATHS = "";
				ENABLE_PREVIEWS = YES;
				GENERATE_INFOPLIST_FILE = YES;
				INFOPLIST_FILE = TierTap/Info.plist;
				INFOPLIST_KEY_CFBundleDisplayName = TierTap;
				INFOPLIST_KEY_CFBundleIconName = AppIcon;
				INFOPLIST_KEY_LSApplicationCategoryType = "public.app-category.utilities";
				INFOPLIST_KEY_NSCameraUsageDescription = "TierTap uses the camera so you can take a profile photo.";
				INFOPLIST_KEY_NSLocationWhenInUseUsageDescription = "TierTap uses your location to suggest nearby casinos so you can quickly tag where you played.";
				INFOPLIST_KEY_NSPhotoLibraryUsageDescription = "TierTap needs access to your photo library so you can choose a profile photo.";
				INFOPLIST_KEY_NSSupportsLiveActivities = YES;
				INFOPLIST_KEY_NSSupportsLiveActivitiesFrequentUpdates = YES;
				INFOPLIST_KEY_UIApplicationSceneManifest_UIApplicationSupportsMultipleScenes = NO;
				INFOPLIST_KEY_UILaunchScreen_UIColorName = "";
				INFOPLIST_KEY_UISupportedInterfaceOrientations = UIInterfaceOrientationPortrait;
				INFOPLIST_KEY_UISupportedInterfaceOrientations_iPad = "UIInterfaceOrientationPortrait UIInterfaceOrientationPortraitUpsideDown UIInterfaceOrientationLandscapeLeft UIInterfaceOrientationLandscapeRight";
				IPHONEOS_DEPLOYMENT_TARGET = 16.2;
				LE_SWIFT_VERSION = 5.0;
				MARKETING_VERSION = 2.0;
				PRODUCT_BUNDLE_IDENTIFIER = com.app.tiertap;
				PRODUCT_NAME = "$(TARGET_NAME)";
				SDKROOT = iphoneos;
				SUPPORTED_PLATFORMS = "iphoneos iphonesimulator";
				SUPPORTS_MACCATALYST = NO;
				SUPPORTS_MAC_DESIGNED_FOR_IPHONE_IPAD = NO;
				SUPPORTS_XR_DESIGNED_FOR_IPHONE_IPAD = NO;
				SWIFT_EMIT_LOC_STRINGS = YES;
				SWIFT_VERSION = 5.0;
				TARGETED_DEVICE_FAMILY = "1,2";
			};
			name = Debug;
		};
		WCHP1B2C3D4E5F6A7B8C9D0 /* Debug */ = {
			isa = XCBuildConfiguration;
			buildSettings = {
				ASSETCATALOG_COMPILER_APPICON_NAME = AppIcon;
				CODE_SIGN_ENTITLEMENTS = "TierTap Watch App/TierTap Watch App.entitlements";
				CODE_SIGN_STYLE = Automatic;
				CURRENT_PROJECT_VERSION = 1;
				ENABLE_PREVIEWS = YES;
				GENERATE_INFOPLIST_FILE = YES;
				INFOPLIST_KEY_CFBundleDisplayName = TierTap;
				INFOPLIST_KEY_CFBundleIconName = AppIcon;
				INFOPLIST_KEY_UISupportedInterfaceOrientations = UIInterfaceOrientationPortrait;
				INFOPLIST_KEY_WKCompanionAppBundleIdentifier = com.app.tiertap;
				MARKETING_VERSION = 1.0;
				PRODUCT_BUNDLE_IDENTIFIER = com.app.tiertap.watchkitapp;
				PRODUCT_NAME = "$(TARGET_NAME)";
				SDKROOT = watchos;
				SKIP_INSTALL = YES;
				SWIFT_EMIT_LOC_STRINGS = YES;
				SWIFT_VERSION = 5.0;
				TARGETED_DEVICE_FAMILY = 4;
				WATCHOS_DEPLOYMENT_TARGET = 10.0;
			};
			name = Debug;
		};
		WCHQ1B2C3D4E5F6A7B8C9D0 /* Release */ = {
			isa = XCBuildConfiguration;
			buildSettings = {
				ASSETCATALOG_COMPILER_APPICON_NAME = AppIcon;
				CODE_SIGN_ENTITLEMENTS = "TierTap Watch App/TierTap Watch App.entitlements";
				CODE_SIGN_STYLE = Automatic;
				COPY_PHASE_STRIP = NO;
				CURRENT_PROJECT_VERSION = 1;
				ENABLE_PREVIEWS = YES;
				GENERATE_INFOPLIST_FILE = YES;
				INFOPLIST_KEY_CFBundleDisplayName = TierTap;
				INFOPLIST_KEY_CFBundleIconName = AppIcon;
				INFOPLIST_KEY_UISupportedInterfaceOrientations = UIInterfaceOrientationPortrait;
				INFOPLIST_KEY_WKCompanionAppBundleIdentifier = com.app.tiertap;
				MARKETING_VERSION = 1.0;
				PRODUCT_BUNDLE_IDENTIFIER = com.app.tiertap.watchkitapp;
				PRODUCT_NAME = "$(TARGET_NAME)";
				SDKROOT = watchos;
				SKIP_INSTALL = YES;
				SWIFT_EMIT_LOC_STRINGS = YES;
				SWIFT_VERSION = 5.0;
				TARGETED_DEVICE_FAMILY = 4;
				WATCHOS_DEPLOYMENT_TARGET = 10.0;
			};
			name = Release;
		};
/* End XCBuildConfiguration section */

/* Begin XCConfigurationList section */
		2BDDF2BDDEC4EC63A4714BDB /* Build configuration list for PBXProject "TierTap" */ = {
			isa = XCConfigurationList;
			buildConfigurations = (
				9DF92A29F43C019B2A0FB384 /* Debug */,
				0A49035E4EE31F457906D314 /* Release */,
			);
			defaultConfigurationIsVisible = 0;
			defaultConfigurationName = Release;
		};
		403EAEF0D32DB540AA6F3456 /* Build configuration list for PBXNativeTarget "TierTap" */ = {
			isa = XCConfigurationList;
			buildConfigurations = (
				CD8EFD29E3F29E3B6C9AB7D4 /* Debug */,
				7B7F4807ED44CE5E34FAF73A /* Release */,
			);
			defaultConfigurationIsVisible = 0;
			defaultConfigurationName = Release;
		};
		814AE8099500A8B85805EFB0 /* Build configuration list for PBXNativeTarget "CasinoTimerWidget" */ = {
			isa = XCConfigurationList;
			buildConfigurations = (
				7020EA4632D367D3B9FEC0D0 /* Debug */,
				B6595FEB3DD1557C76FCF2B2 /* Release */,
			);
			defaultConfigurationIsVisible = 0;
			defaultConfigurationName = Release;
		};
		WCHL1B2C3D4E5F6A7B8C9D0 /* Build configuration list for PBXNativeTarget "TierTap Watch App" */ = {
			isa = XCConfigurationList;
			buildConfigurations = (
				WCHP1B2C3D4E5F6A7B8C9D0 /* Debug */,
				WCHQ1B2C3D4E5F6A7B8C9D0 /* Release */,
			);
			defaultConfigurationIsVisible = 0;
			defaultConfigurationName = Release;
		};
/* End XCConfigurationList section */

/* Begin XCRemoteSwiftPackageReference section */
		SUPAREF1E2F3A4B5C6D7E8F9A0B1 /* XCRemoteSwiftPackageReference "supabase-swift" */ = {
			isa = XCRemoteSwiftPackageReference;
			repositoryURL = "https://github.com/supabase/supabase-swift";
			requirement = {
				kind = upToNextMajorVersion;
				minimumVersion = 2.0.0;
			};
		};
/* End XCRemoteSwiftPackageReference section */

/* Begin XCSwiftPackageProductDependency section */
		SUPAPROD1E2F3A4B5C6D7E8F9A0B1 /* Supabase */ = {
			isa = XCSwiftPackageProductDependency;
			package = SUPAREF1E2F3A4B5C6D7E8F9A0B1 /* XCRemoteSwiftPackageReference "supabase-swift" */;
			productName = Supabase;
		};
/* End XCSwiftPackageProductDependency section */
	};
	rootObject = 07F404DF93F9889DBB33E522 /* Project object */;
}
